PODS:
  - Aspects (1.4.1)
  - GCDWebServer (3.4.2):
    - GCDWebServer/Core (= 3.4.2)
  - GCDWebServer/Core (3.4.2)

DEPENDENCIES:
  - Aspects
  - GCDWebServer

SPEC REPOS:
  https://github.com/cocoapods/specs.git:
    - Aspects
    - GCDWebServer

SPEC CHECKSUMS:
  Aspects: 7595ba96a6727a58ebcbfc954497fc5d2fdde546
  GCDWebServer: 8d67ee9f634b4bb91eb4b8aee440318a5fc6debd

PODFILE CHECKSUM: a13335341420340ae45105db52266ac155b6882a

COCOAPODS: 1.6.1
